
Microsoft Visual Studio Solution File, Format Version 12.00
# Visual Studio Version 16
VisualStudioVersion = 16.0.30320.27
MinimumVisualStudioVersion = 10.0.40219.1
Project("{FAE04EC0-301F-11D3-BF4B-00C04F79EFBC}") = "eShopSolution.WebApp", "eShopSolution.WebApp\eShopSolution.WebApp.csproj", "{1529580E-7587-45F7-B925-7DA54881771F}"
EndProject
Global
	GlobalSection(SolutionConfigurationPlatforms) = preSolution
		Debug|Any CPU = Debug|Any CPU
		Release|Any CPU = Release|Any CPU
	EndGlobalSection
	GlobalSection(ProjectConfigurationPlatforms) = postSolution
		{1529580E-7587-45F7-B925-7DA54881771F}.Debug|Any CPU.ActiveCfg = Debug|Any CPU
		{1529580E-7587-45F7-B925-7DA54881771F}.Debug|Any CPU.Build.0 = Debug|Any CPU
		{1529580E-7587-45F7-B925-7DA54881771F}.Release|Any CPU.ActiveCfg = Release|Any CPU
		{1529580E-7587-45F7-B925-7DA54881771F}.Release|Any CPU.Build.0 = Release|Any CPU
	EndGlobalSection
	GlobalSection(SolutionProperties) = preSolution
		HideSolutionNode = FALSE
	EndGlobalSection
	GlobalSection(ExtensibilityGlobals) = postSolution
		SolutionGuid = {B2754A6A-D4FF-4D76-AC32-12831601C0CA}
	EndGlobalSection
EndGlobal
